github.com/Ulbora/GoProxy v1.0.1 h1:7gFPaJdXDV3tFDSWYxpQx7SQmNKcZPrv4SMwxa+vFhA=
github.com/Ulbora/GoProxy v1.0.1/go.mod h1:8qICy+U1tSywRYoy9RdP+Zm6G2nN2K1YcvMupVlkIYI=
github.com/Ulbora/Level_Logger v1.0.2 h1:uhuNi1oSQ1zSDhuYQS7NEHqtR4lAYPGyW2XGwJZtxmk=
github.com/Ulbora/Level_Logger v1.0.2/go.mod h1:epRidhkOBJSzCCon816WfFCO9vtai8VCmdI8S/xcTbA=
github.com/Ulbora/Six910API-Go v1.0.0 h1:b7YxBoNtaeJxShO0pJmqiLMeuWSapmUvmbnRhv/QhEE=
github.com/Ulbora/Six910API-Go v1.0.0/go.mod h1:+E6bQIaJVcnhT9W2iNFb1oTHQkBIjweTtrYf7JojI0M=
github.com/Ulbora/go-mail-sender v1.0.0 h1:lfVK66JRIPSZCkeTO3/0fnnygVeVF+5ena47I2pj5Fo=
github.com/Ulbora/go-mail-sender v1.0.0/go.mod h1:uI61omDxYerT9GWLIOIk7Y2wq9esh09UK2LkdCAuTkU=
github.com/Ulbora/json-datastore v1.0.5 h1:sWH6mBFXOapi7ZMog1FpPKMHF1p2BNVxk4Ejp9H+cxk=
github.com/Ulbora/json-datastore v1.0.5/go.mod h1:yMKdmKwHW5m3Wh9bgGHu9crDMNeNI4D0xihWYBdSL38=
github.com/Ulbora/six910-database-interface v1.0.16 h1:ufq46Ws2CDKrhggSO+kBxjf+eSmw8qPBN5l895SsHxc=
github.com/Ulbora/six910-database-interface v1.0.16/go.mod h1:OGqZQ5ETgqxsHB636qmivSR36NzQxhV4T+ATsIUJSLM=
github.com/gorilla/mux v1.7.4 h1:VuZ8uybHlWmqV03+zRzdwKL4tUnIp1MAQtp1mIFE1bc=
github.com/gorilla/mux v1.7.4/go.mod h1:DVbg23sWSpFRCP0SfiEN6jmj59UnW/n46BH5rLB71So=
