github.com/Ulbora/FileReader v1.0.0 h1:J7fbnlxfvXbhpHm0S196UQ40lQnZ2BqXZ0AamJ6gTKQ=
github.com/Ulbora/FileReader v1.0.0/go.mod h1:UZLF1zWmBmQ2MNGN7L7TyyQP7Y/IlOqheGYqV2Km6s0=
github.com/Ulbora/GoProxy v1.0.1 h1:7gFPaJdXDV3tFDSWYxpQx7SQmNKcZPrv4SMwxa+vFhA=
github.com/Ulbora/GoProxy v1.0.1/go.mod h1:8qICy+U1tSywRYoy9RdP+Zm6G2nN2K1YcvMupVlkIYI=
github.com/Ulbora/Level_Logger v1.0.2 h1:uhuNi1oSQ1zSDhuYQS7NEHqtR4lAYPGyW2XGwJZtxmk=
github.com/Ulbora/Level_Logger v1.0.2/go.mod h1:epRidhkOBJSzCCon816WfFCO9vtai8VCmdI8S/xcTbA=
github.com/Ulbora/Six910API-Go v1.0.3 h1:DuUOssyq/akq65dlMiI9TmfP4XtahNr8pIWArRA4Xr4=
github.com/Ulbora/Six910API-Go v1.0.3/go.mod h1:P1rpP4SGl2f0F4LzMe0tkWwjYzcrVf2dA52AfkrLggU=
github.com/Ulbora/Six910API-Go v1.0.4 h1:ZaR1hNkWOvnbm6Kk+7IQ1vduC9aNaZZ/uheGuFj5XaU=
github.com/Ulbora/Six910API-Go v1.0.4/go.mod h1:P1rpP4SGl2f0F4LzMe0tkWwjYzcrVf2dA52AfkrLggU=
github.com/Ulbora/Six910API-Go v1.0.5 h1:8vu0zFXiO9EnVSyfOxUvnbfvmQlyugp22wC499uJrB4=
github.com/Ulbora/Six910API-Go v1.0.5/go.mod h1:JbWz43Pzef9qXqEnO87f600M4JJccB74DO9Qu9SyPn0=
github.com/Ulbora/Six910API-Go v1.0.6 h1:KSDbPuH5zza4muxN/WXb5ah9n2HmsKVJT1djpVKpWKc=
github.com/Ulbora/Six910API-Go v1.0.6/go.mod h1:lipSvhtlF2tnZokhlF6S0iEiGjHHz+X+0EBC6nRz9FU=
github.com/Ulbora/Six910API-Go v1.0.7 h1:v1te7v0uCcaKBdi4SA2JI7JFI3HMgM2pKjAjtC2fQGI=
github.com/Ulbora/Six910API-Go v1.0.7/go.mod h1:GaljgjGXzWC265nchmrZGc8hfuy4u8E3tjKwvPfzudg=
github.com/Ulbora/Six910API-Go v1.0.8 h1:kEA8/jjoyubtS9SrFlcLtMtkIh65qLAqfYt7tUEWUEM=
github.com/Ulbora/Six910API-Go v1.0.8/go.mod h1:GaljgjGXzWC265nchmrZGc8hfuy4u8E3tjKwvPfzudg=
github.com/Ulbora/Six910API-Go v1.0.9 h1:55icApdiaA3pIidNCMfXl9GYD/qc4wgr1iR3rVmr0Tg=
github.com/Ulbora/Six910API-Go v1.0.9/go.mod h1:GaljgjGXzWC265nchmrZGc8hfuy4u8E3tjKwvPfzudg=
github.com/Ulbora/Six910API-Go v1.0.10 h1:NoUJ0ffQXie4iE4U3HET2zcCSBMuDRqb56oPdQs0rF4=
github.com/Ulbora/Six910API-Go v1.0.10/go.mod h1:3uIt3nCsHUrfQ82VkHjSuT92EGtfrJgttwIZ1/AqSL0=
github.com/Ulbora/Six910API-Go v1.0.11 h1:tSGpkxMinNgK0mqXlI9DRaoEHQvjk+lwafUY0JaP4LQ=
github.com/Ulbora/Six910API-Go v1.0.11/go.mod h1:xRcth8boVqK1kbgFpZuRSw7ddrI1kUDA08w40BVaeeU=
github.com/Ulbora/Six910API-Go v1.0.12 h1:BcLsUVukdo/AYB5Z63pUbdKktlry8Pu0muyE7YTZ1+8=
github.com/Ulbora/Six910API-Go v1.0.12/go.mod h1:SsjUFjq/mcR8k8km4Il9GwTfwrd4Zko7WXZkOYDdmqg=
github.com/Ulbora/Six910API-Go v1.0.14 h1:c39WQAryjgPO9VF1VwiyJXH4fRn1qZU3y7k5JnBA7tI=
github.com/Ulbora/Six910API-Go v1.0.14/go.mod h1:A+tNa0ncaTSsLW7JfdBkE4kDCs3boggKfpO/AcUQM+o=
github.com/Ulbora/Six910API-Go v1.0.15 h1:ZdbrqPLxmUFJHFiKbmoLtgUzJ297noHfIiionVylAeY=
github.com/Ulbora/Six910API-Go v1.0.15/go.mod h1:c6ejcGL2LIWT3AULgOXgXw8MBhYlhEQXPnV0WeUyV5E=
github.com/Ulbora/Six910API-Go v1.0.16 h1:EISqWPRGAqPTapZ8hi2txs78VfUl0KitfVP4Hu5tJZ0=
github.com/Ulbora/Six910API-Go v1.0.16/go.mod h1:c6ejcGL2LIWT3AULgOXgXw8MBhYlhEQXPnV0WeUyV5E=
github.com/Ulbora/Six910API-Go v1.0.17 h1:EuuTbqS3N/CCZYnSDNxInhQ58t1/PgqnZB1Xmhjgj3M=
github.com/Ulbora/Six910API-Go v1.0.17/go.mod h1:DCmtCf2Z9Fp3elbXo2v8GnzBjB00wUO5EL5+LDzTyrk=
github.com/Ulbora/Six910API-Go v1.0.18 h1:KEaCzynfWgJD+OsESp7WYpkB99K4MAwKN6YO+MOwgOk=
github.com/Ulbora/Six910API-Go v1.0.18/go.mod h1:DCmtCf2Z9Fp3elbXo2v8GnzBjB00wUO5EL5+LDzTyrk=
github.com/Ulbora/Six910API-Go v1.0.19 h1:fV04nrMeSIpHm/ZgouG835PS/Q2E8WO+MOFcdWkzoc0=
github.com/Ulbora/Six910API-Go v1.0.19/go.mod h1:aViQf3uoMRgo7Q+8PHLR1OekFHgr0k/m6NUBx9OV5bc=
github.com/Ulbora/go-mail-sender v1.0.0 h1:lfVK66JRIPSZCkeTO3/0fnnygVeVF+5ena47I2pj5Fo=
github.com/Ulbora/go-mail-sender v1.0.0/go.mod h1:uI61omDxYerT9GWLIOIk7Y2wq9esh09UK2LkdCAuTkU=
github.com/Ulbora/go-oauth2-client v1.0.2 h1:+71Vgof2hT6w0kgwMROk6kt6C3ueQBsU9ehRXpqH1Sk=
github.com/Ulbora/go-oauth2-client v1.0.2/go.mod h1:lOJvv/6v9HVYO3Lz+ufcjZ0erMvTyTNsqo8cmEzFrjQ=
github.com/Ulbora/go-sessions v1.0.2 h1:S399x4sW740hvO7n9qjrJM37sSo47KBAJ+7jiT0eiQ0=
github.com/Ulbora/go-sessions v1.0.2/go.mod h1:5CXZMqyt5XJDumnxoKqftZH/i3voi9k1UN47fuwxRLs=
github.com/Ulbora/json-datastore v1.0.5 h1:sWH6mBFXOapi7ZMog1FpPKMHF1p2BNVxk4Ejp9H+cxk=
github.com/Ulbora/json-datastore v1.0.5/go.mod h1:yMKdmKwHW5m3Wh9bgGHu9crDMNeNI4D0xihWYBdSL38=
github.com/Ulbora/six910-database-interface v1.0.20 h1:c4niG5rNG4uXB2dOUsOUYPyLoQfY8dIHpnLhlV4f/nc=
github.com/Ulbora/six910-database-interface v1.0.20/go.mod h1:OGqZQ5ETgqxsHB636qmivSR36NzQxhV4T+ATsIUJSLM=
github.com/Ulbora/six910-database-interface v1.0.22 h1:69dlWaB9CZt6zuMhCMOpQuphaEMlngq52dYsg16zJ/8=
github.com/Ulbora/six910-database-interface v1.0.22/go.mod h1:OGqZQ5ETgqxsHB636qmivSR36NzQxhV4T+ATsIUJSLM=
github.com/Ulbora/six910-database-interface v1.0.23 h1:t4F0oO6ARPRoZXOb442c0Huy2xnLUAgtuCXhLvXLF0o=
github.com/Ulbora/six910-database-interface v1.0.23/go.mod h1:OGqZQ5ETgqxsHB636qmivSR36NzQxhV4T+ATsIUJSLM=
github.com/Ulbora/six910-database-interface v1.0.24 h1:0P2SOSmCE3Co0X4uC6ttj4OX99Fu0NBL/FOxvOZ+6wE=
github.com/Ulbora/six910-database-interface v1.0.24/go.mod h1:OGqZQ5ETgqxsHB636qmivSR36NzQxhV4T+ATsIUJSLM=
github.com/Ulbora/six910-database-interface v1.0.26 h1:ekq9Apl4uMXTEG6kgDs4SXnvdhDO8qRW+tKrQHLYFxk=
github.com/Ulbora/six910-database-interface v1.0.26/go.mod h1:OGqZQ5ETgqxsHB636qmivSR36NzQxhV4T+ATsIUJSLM=
github.com/Ulbora/six910-database-interface v1.0.27 h1:OowpQR7w1JY74zvR8P6UQt2HuQ5tM0c30l1lCDAgxVY=
github.com/Ulbora/six910-database-interface v1.0.27/go.mod h1:OGqZQ5ETgqxsHB636qmivSR36NzQxhV4T+ATsIUJSLM=
github.com/Ulbora/six910-database-interface v1.0.28 h1:Fh/TLhIiTUuqUGRPJ5zaaN51dtIQOvKdfeSBit7aR+E=
github.com/Ulbora/six910-database-interface v1.0.28/go.mod h1:OGqZQ5ETgqxsHB636qmivSR36NzQxhV4T+ATsIUJSLM=
github.com/Ulbora/six910-database-interface v1.0.29 h1:jF3SikjFMm7aahxOX2PEFTPg2ogG5g4pEI2+uVu6Zgs=
github.com/Ulbora/six910-database-interface v1.0.29/go.mod h1:OGqZQ5ETgqxsHB636qmivSR36NzQxhV4T+ATsIUJSLM=
github.com/Ulbora/six910-database-interface v1.0.30 h1:KMGRNVhAFbTpDGr2KQBnIq2uLYfnqITcV6Dxe653Muo=
github.com/Ulbora/six910-database-interface v1.0.30/go.mod h1:OGqZQ5ETgqxsHB636qmivSR36NzQxhV4T+ATsIUJSLM=
github.com/Ulbora/six910-database-interface v1.0.31 h1:1JqzuEKOxn0HLmyusO60ZH05YCC+pjpOV+GheNJYtZ8=
github.com/Ulbora/six910-database-interface v1.0.31/go.mod h1:OGqZQ5ETgqxsHB636qmivSR36NzQxhV4T+ATsIUJSLM=
github.com/Ulbora/six910-database-interface v1.0.32 h1:+jRvIG9JlNjgNav//ItGy0uBDUkfm3426LkyEfxlkbY=
github.com/Ulbora/six910-database-interface v1.0.32/go.mod h1:OGqZQ5ETgqxsHB636qmivSR36NzQxhV4T+ATsIUJSLM=
github.com/Ulbora/six910-database-interface v1.0.33 h1:YUuSe7KoRN7ngAGNeuCtgXUTfiJVKE3Rvx2t0ny4L8w=
github.com/Ulbora/six910-database-interface v1.0.33/go.mod h1:OGqZQ5ETgqxsHB636qmivSR36NzQxhV4T+ATsIUJSLM=
github.com/Ulbora/six910-database-interface v1.0.34 h1:BK0I1xKqLyAliqTjnk/mbni6xni9fXzcFyKyThGeqRY=
github.com/Ulbora/six910-database-interface v1.0.34/go.mod h1:OGqZQ5ETgqxsHB636qmivSR36NzQxhV4T+ATsIUJSLM=
github.com/Ulbora/six910-database-interface v1.0.35 h1:VnThn51n2hHpCwnUD2r3GBXPGNBKeURf15HHjFXkOdA=
github.com/Ulbora/six910-database-interface v1.0.35/go.mod h1:OGqZQ5ETgqxsHB636qmivSR36NzQxhV4T+ATsIUJSLM=
github.com/Ulbora/six910-database-interface v1.0.37 h1:QmLF7xsqU8DVos97zA8tE8UHoVbtPfmt645jKXTrEx8=
github.com/Ulbora/six910-database-interface v1.0.37/go.mod h1:OGqZQ5ETgqxsHB636qmivSR36NzQxhV4T+ATsIUJSLM=
github.com/Ulbora/ulboracms v2.1.6+incompatible h1:onJwZ8uhQSz1TKMW3/fAXin5E3TTocXf6Y7rfwf7oXQ=
github.com/gorilla/mux v1.7.4 h1:VuZ8uybHlWmqV03+zRzdwKL4tUnIp1MAQtp1mIFE1bc=
github.com/gorilla/mux v1.7.4/go.mod h1:DVbg23sWSpFRCP0SfiEN6jmj59UnW/n46BH5rLB71So=
github.com/gorilla/mux v1.8.0 h1:i40aqfkR1h2SlN9hojwV5ZA91wcXFOvkdNIeFDP5koI=
github.com/gorilla/mux v1.8.0/go.mod h1:DVbg23sWSpFRCP0SfiEN6jmj59UnW/n46BH5rLB71So=
github.com/gorilla/securecookie v1.1.1 h1:miw7JPhV+b/lAHSXz4qd/nN9jRiAFV5FwjeKyCS8BvQ=
github.com/gorilla/securecookie v1.1.1/go.mod h1:ra0sb63/xPlUeL+yeDciTfxMRAA+MP+HVt/4epWDjd4=
github.com/gorilla/sessions v1.2.0 h1:S7P+1Hm5V/AT9cjEcUD5uDaQSX0OE577aCXgoaKpYbQ=
github.com/gorilla/sessions v1.2.0/go.mod h1:dk2InVEVJ0sfLlnXv9EAgkf6ecYs/i80K/zI+bUmuGM=
github.com/gorilla/sessions v1.2.1 h1:DHd3rPN5lE3Ts3D8rKkQ8x/0kqfeNmBAaiSi+o7FsgI=
github.com/gorilla/sessions v1.2.1/go.mod h1:dk2InVEVJ0sfLlnXv9EAgkf6ecYs/i80K/zI+bUmuGM=
